
Microsoft Visual Studio Solution File, Format Version 12.00
# Visual Studio 15
VisualStudioVersion = 15.0.26730.12
MinimumVisualStudioVersion = 10.0.40219.1
Project("{FAE04EC0-301F-11D3-BF4B-00C04F79EFBC}") = "Windows_app", "Windows_app\Windows_app.csproj", "{4205F580-0BA4-4372-9802-D4093B110D33}"
EndProject
Global
	GlobalSection(SolutionConfigurationPlatforms) = preSolution
		Debug|Any CPU = Debug|Any CPU
		Release|Any CPU = Release|Any CPU
	EndGlobalSection
	GlobalSection(ProjectConfigurationPlatforms) = postSolution
		{4205F580-0BA4-4372-9802-D4093B110D33}.Debug|Any CPU.ActiveCfg = Debug|Any CPU
		{4205F580-0BA4-4372-9802-D4093B110D33}.Debug|Any CPU.Build.0 = Debug|Any CPU
		{4205F580-0BA4-4372-9802-D4093B110D33}.Release|Any CPU.ActiveCfg = Release|Any CPU
		{4205F580-0BA4-4372-9802-D4093B110D33}.Release|Any CPU.Build.0 = Release|Any CPU
	EndGlobalSection
	GlobalSection(SolutionProperties) = preSolution
		HideSolutionNode = FALSE
	EndGlobalSection
	GlobalSection(ExtensibilityGlobals) = postSolution
		SolutionGuid = {0AA5F815-AACF-4A89-87CF-B845A02E6C32}
	EndGlobalSection
EndGlobal
